
Microsoft Visual Studio Solution File, Format Version 12.00
# Visual Studio Version 17
VisualStudioVersion = 17.2.32630.192
MinimumVisualStudioVersion = 10.0.40219.1
Project("{FAE04EC0-301F-11D3-BF4B-00C04F79EFBC}") = "SurfsUp", "SurfsUp\SurfsUp.csproj", "{CB640AC0-29BA-488B-AB60-EB74A5F95BBC}"
EndProject
Global
	GlobalSection(SolutionConfigurationPlatforms) = preSolution
		Debug|Any CPU = Debug|Any CPU
		Release|Any CPU = Release|Any CPU
	EndGlobalSection
	GlobalSection(ProjectConfigurationPlatforms) = postSolution
		{CB640AC0-29BA-488B-AB60-EB74A5F95BBC}.Debug|Any CPU.ActiveCfg = Debug|Any CPU
		{CB640AC0-29BA-488B-AB60-EB74A5F95BBC}.Debug|Any CPU.Build.0 = Debug|Any CPU
		{CB640AC0-29BA-488B-AB60-EB74A5F95BBC}.Release|Any CPU.ActiveCfg = Release|Any CPU
		{CB640AC0-29BA-488B-AB60-EB74A5F95BBC}.Release|Any CPU.Build.0 = Release|Any CPU
	EndGlobalSection
	GlobalSection(SolutionProperties) = preSolution
		HideSolutionNode = FALSE
	EndGlobalSection
	GlobalSection(ExtensibilityGlobals) = postSolution
		SolutionGuid = {EA818701-0E16-4DBB-AEAE-C3FDC814BE2D}
	EndGlobalSection
EndGlobal
